
Microsoft Visual Studio Solution File, Format Version 12.00
# Visual Studio Version 17
VisualStudioVersion = 17.1.32210.238
MinimumVisualStudioVersion = 10.0.40219.1
Project("{FAE04EC0-301F-11D3-BF4B-00C04F79EFBC}") = "Contype", "Contype\Contype.csproj", "{07B08E33-88D1-4867-ADE3-D22108EAC513}"
EndProject
Global
	GlobalSection(SolutionConfigurationPlatforms) = preSolution
		Debug|Any CPU = Debug|Any CPU
		Release|Any CPU = Release|Any CPU
	EndGlobalSection
	GlobalSection(ProjectConfigurationPlatforms) = postSolution
		{07B08E33-88D1-4867-ADE3-D22108EAC513}.Debug|Any CPU.ActiveCfg = Debug|Any CPU
		{07B08E33-88D1-4867-ADE3-D22108EAC513}.Debug|Any CPU.Build.0 = Debug|Any CPU
		{07B08E33-88D1-4867-ADE3-D22108EAC513}.Release|Any CPU.ActiveCfg = Release|Any CPU
		{07B08E33-88D1-4867-ADE3-D22108EAC513}.Release|Any CPU.Build.0 = Release|Any CPU
	EndGlobalSection
	GlobalSection(SolutionProperties) = preSolution
		HideSolutionNode = FALSE
	EndGlobalSection
	GlobalSection(ExtensibilityGlobals) = postSolution
		SolutionGuid = {5F31FCAA-8FC8-489B-A7C1-0C9BF6B3A513}
	EndGlobalSection
EndGlobal
